
Microsoft Visual Studio Solution File, Format Version 12.00
# Visual Studio Version 17
VisualStudioVersion = 17.13.35806.99 d17.13
MinimumVisualStudioVersion = 10.0.40219.1
Project("{FAE04EC0-301F-11D3-BF4B-00C04F79EFBC}") = "LikeLion1", "LikeLion1\LikeLion1.csproj", "{03A8548E-A8A9-4552-8C03-BC4072862775}"
EndProject
Global
	GlobalSection(SolutionConfigurationPlatforms) = preSolution
		Debug|Any CPU = Debug|Any CPU
		Release|Any CPU = Release|Any CPU
	EndGlobalSection
	GlobalSection(ProjectConfigurationPlatforms) = postSolution
		{03A8548E-A8A9-4552-8C03-BC4072862775}.Debug|Any CPU.ActiveCfg = Debug|Any CPU
		{03A8548E-A8A9-4552-8C03-BC4072862775}.Debug|Any CPU.Build.0 = Debug|Any CPU
		{03A8548E-A8A9-4552-8C03-BC4072862775}.Release|Any CPU.ActiveCfg = Release|Any CPU
		{03A8548E-A8A9-4552-8C03-BC4072862775}.Release|Any CPU.Build.0 = Release|Any CPU
	EndGlobalSection
	GlobalSection(SolutionProperties) = preSolution
		HideSolutionNode = FALSE
	EndGlobalSection
	GlobalSection(ExtensibilityGlobals) = postSolution
		SolutionGuid = {A142538D-D624-4B94-A74C-1D0D5F609782}
	EndGlobalSection
EndGlobal
