
Microsoft Visual Studio Solution File, Format Version 12.00
# Visual Studio Version 17
VisualStudioVersion = 17.13.35806.99 d17.13
MinimumVisualStudioVersion = 10.0.40219.1
Project("{FAE04EC0-301F-11D3-BF4B-00C04F79EFBC}") = "Loading", "Loading\Loading.csproj", "{247CE4CA-5627-4179-9186-58673D633F68}"
EndProject
Global
	GlobalSection(SolutionConfigurationPlatforms) = preSolution
		Debug|Any CPU = Debug|Any CPU
		Release|Any CPU = Release|Any CPU
	EndGlobalSection
	GlobalSection(ProjectConfigurationPlatforms) = postSolution
		{247CE4CA-5627-4179-9186-58673D633F68}.Debug|Any CPU.ActiveCfg = Debug|Any CPU
		{247CE4CA-5627-4179-9186-58673D633F68}.Debug|Any CPU.Build.0 = Debug|Any CPU
		{247CE4CA-5627-4179-9186-58673D633F68}.Release|Any CPU.ActiveCfg = Release|Any CPU
		{247CE4CA-5627-4179-9186-58673D633F68}.Release|Any CPU.Build.0 = Release|Any CPU
	EndGlobalSection
	GlobalSection(SolutionProperties) = preSolution
		HideSolutionNode = FALSE
	EndGlobalSection
	GlobalSection(ExtensibilityGlobals) = postSolution
		SolutionGuid = {F4FCD316-694B-4EBA-9B1F-34A5293A5714}
	EndGlobalSection
EndGlobal
