
Microsoft Visual Studio Solution File, Format Version 12.00
# Visual Studio Version 17
VisualStudioVersion = 17.13.35806.99 d17.13
MinimumVisualStudioVersion = 10.0.40219.1
Project("{FAE04EC0-301F-11D3-BF4B-00C04F79EFBC}") = "TodayTask8", "TodayTask8\TodayTask8.csproj", "{AC14F740-5B4A-4D02-A609-B0C93FF8C787}"
EndProject
Global
	GlobalSection(SolutionConfigurationPlatforms) = preSolution
		Debug|Any CPU = Debug|Any CPU
		Release|Any CPU = Release|Any CPU
	EndGlobalSection
	GlobalSection(ProjectConfigurationPlatforms) = postSolution
		{AC14F740-5B4A-4D02-A609-B0C93FF8C787}.Debug|Any CPU.ActiveCfg = Debug|Any CPU
		{AC14F740-5B4A-4D02-A609-B0C93FF8C787}.Debug|Any CPU.Build.0 = Debug|Any CPU
		{AC14F740-5B4A-4D02-A609-B0C93FF8C787}.Release|Any CPU.ActiveCfg = Release|Any CPU
		{AC14F740-5B4A-4D02-A609-B0C93FF8C787}.Release|Any CPU.Build.0 = Release|Any CPU
	EndGlobalSection
	GlobalSection(SolutionProperties) = preSolution
		HideSolutionNode = FALSE
	EndGlobalSection
	GlobalSection(ExtensibilityGlobals) = postSolution
		SolutionGuid = {493C096E-3174-4B07-ABCF-11F17F97A410}
	EndGlobalSection
EndGlobal
