
Microsoft Visual Studio Solution File, Format Version 12.00
# Visual Studio Version 17
VisualStudioVersion = 17.13.35806.99 d17.13
MinimumVisualStudioVersion = 10.0.40219.1
Project("{FAE04EC0-301F-11D3-BF4B-00C04F79EFBC}") = "ShootingGame", "ShootingGame\ShootingGame.csproj", "{B4F23052-4126-4A43-9FD3-C0AC7115150E}"
EndProject
Global
	GlobalSection(SolutionConfigurationPlatforms) = preSolution
		Debug|Any CPU = Debug|Any CPU
		Release|Any CPU = Release|Any CPU
	EndGlobalSection
	GlobalSection(ProjectConfigurationPlatforms) = postSolution
		{B4F23052-4126-4A43-9FD3-C0AC7115150E}.Debug|Any CPU.ActiveCfg = Debug|Any CPU
		{B4F23052-4126-4A43-9FD3-C0AC7115150E}.Debug|Any CPU.Build.0 = Debug|Any CPU
		{B4F23052-4126-4A43-9FD3-C0AC7115150E}.Release|Any CPU.ActiveCfg = Release|Any CPU
		{B4F23052-4126-4A43-9FD3-C0AC7115150E}.Release|Any CPU.Build.0 = Release|Any CPU
	EndGlobalSection
	GlobalSection(SolutionProperties) = preSolution
		HideSolutionNode = FALSE
	EndGlobalSection
	GlobalSection(ExtensibilityGlobals) = postSolution
		SolutionGuid = {8FFA5926-4800-46EA-B8E1-A4FE7263DC31}
	EndGlobalSection
EndGlobal
