
Microsoft Visual Studio Solution File, Format Version 12.00
# Visual Studio Version 17
VisualStudioVersion = 17.13.35806.99 d17.13
MinimumVisualStudioVersion = 10.0.40219.1
Project("{FAE04EC0-301F-11D3-BF4B-00C04F79EFBC}") = "LikeLion33", "LikeLion33\LikeLion33.csproj", "{8D9E2C2F-07BA-49DB-9826-7FF9EF507239}"
EndProject
Global
	GlobalSection(SolutionConfigurationPlatforms) = preSolution
		Debug|Any CPU = Debug|Any CPU
		Release|Any CPU = Release|Any CPU
	EndGlobalSection
	GlobalSection(ProjectConfigurationPlatforms) = postSolution
		{8D9E2C2F-07BA-49DB-9826-7FF9EF507239}.Debug|Any CPU.ActiveCfg = Debug|Any CPU
		{8D9E2C2F-07BA-49DB-9826-7FF9EF507239}.Debug|Any CPU.Build.0 = Debug|Any CPU
		{8D9E2C2F-07BA-49DB-9826-7FF9EF507239}.Release|Any CPU.ActiveCfg = Release|Any CPU
		{8D9E2C2F-07BA-49DB-9826-7FF9EF507239}.Release|Any CPU.Build.0 = Release|Any CPU
	EndGlobalSection
	GlobalSection(SolutionProperties) = preSolution
		HideSolutionNode = FALSE
	EndGlobalSection
	GlobalSection(ExtensibilityGlobals) = postSolution
		SolutionGuid = {CCEAC0A5-CFA8-4BFC-965F-3129B3E8836C}
	EndGlobalSection
EndGlobal
