
Microsoft Visual Studio Solution File, Format Version 12.00
# Visual Studio Version 17
VisualStudioVersion = 17.13.35806.99 d17.13
MinimumVisualStudioVersion = 10.0.40219.1
Project("{FAE04EC0-301F-11D3-BF4B-00C04F79EFBC}") = "LikeLion32", "LikeLion32\LikeLion32.csproj", "{BEB17986-5F31-4128-9907-4C878A7C08ED}"
EndProject
Global
	GlobalSection(SolutionConfigurationPlatforms) = preSolution
		Debug|Any CPU = Debug|Any CPU
		Release|Any CPU = Release|Any CPU
	EndGlobalSection
	GlobalSection(ProjectConfigurationPlatforms) = postSolution
		{BEB17986-5F31-4128-9907-4C878A7C08ED}.Debug|Any CPU.ActiveCfg = Debug|Any CPU
		{BEB17986-5F31-4128-9907-4C878A7C08ED}.Debug|Any CPU.Build.0 = Debug|Any CPU
		{BEB17986-5F31-4128-9907-4C878A7C08ED}.Release|Any CPU.ActiveCfg = Release|Any CPU
		{BEB17986-5F31-4128-9907-4C878A7C08ED}.Release|Any CPU.Build.0 = Release|Any CPU
	EndGlobalSection
	GlobalSection(SolutionProperties) = preSolution
		HideSolutionNode = FALSE
	EndGlobalSection
	GlobalSection(ExtensibilityGlobals) = postSolution
		SolutionGuid = {95081748-7E58-4C95-98C2-90634A87C150}
	EndGlobalSection
EndGlobal
