
Microsoft Visual Studio Solution File, Format Version 12.00
# Visual Studio Version 17
VisualStudioVersion = 17.13.35806.99 d17.13
MinimumVisualStudioVersion = 10.0.40219.1
Project("{FAE04EC0-301F-11D3-BF4B-00C04F79EFBC}") = "LikeLion38", "LikeLion38\LikeLion38.csproj", "{1B7F6C6B-4B88-4317-9A12-494B99FE0753}"
EndProject
Global
	GlobalSection(SolutionConfigurationPlatforms) = preSolution
		Debug|Any CPU = Debug|Any CPU
		Release|Any CPU = Release|Any CPU
	EndGlobalSection
	GlobalSection(ProjectConfigurationPlatforms) = postSolution
		{1B7F6C6B-4B88-4317-9A12-494B99FE0753}.Debug|Any CPU.ActiveCfg = Debug|Any CPU
		{1B7F6C6B-4B88-4317-9A12-494B99FE0753}.Debug|Any CPU.Build.0 = Debug|Any CPU
		{1B7F6C6B-4B88-4317-9A12-494B99FE0753}.Release|Any CPU.ActiveCfg = Release|Any CPU
		{1B7F6C6B-4B88-4317-9A12-494B99FE0753}.Release|Any CPU.Build.0 = Release|Any CPU
	EndGlobalSection
	GlobalSection(SolutionProperties) = preSolution
		HideSolutionNode = FALSE
	EndGlobalSection
	GlobalSection(ExtensibilityGlobals) = postSolution
		SolutionGuid = {6A4DA6A2-F1CA-407A-8D50-6208D077BDCF}
	EndGlobalSection
EndGlobal
