
Microsoft Visual Studio Solution File, Format Version 12.00
# Visual Studio Version 17
VisualStudioVersion = 17.13.35806.99 d17.13
MinimumVisualStudioVersion = 10.0.40219.1
Project("{FAE04EC0-301F-11D3-BF4B-00C04F79EFBC}") = "TaskRPGTest", "TaskRPGTest\TaskRPGTest.csproj", "{E2E081F4-29C1-40CE-BF00-76229EB21169}"
EndProject
Global
	GlobalSection(SolutionConfigurationPlatforms) = preSolution
		Debug|Any CPU = Debug|Any CPU
		Release|Any CPU = Release|Any CPU
	EndGlobalSection
	GlobalSection(ProjectConfigurationPlatforms) = postSolution
		{E2E081F4-29C1-40CE-BF00-76229EB21169}.Debug|Any CPU.ActiveCfg = Debug|Any CPU
		{E2E081F4-29C1-40CE-BF00-76229EB21169}.Debug|Any CPU.Build.0 = Debug|Any CPU
		{E2E081F4-29C1-40CE-BF00-76229EB21169}.Release|Any CPU.ActiveCfg = Release|Any CPU
		{E2E081F4-29C1-40CE-BF00-76229EB21169}.Release|Any CPU.Build.0 = Release|Any CPU
	EndGlobalSection
	GlobalSection(SolutionProperties) = preSolution
		HideSolutionNode = FALSE
	EndGlobalSection
	GlobalSection(ExtensibilityGlobals) = postSolution
		SolutionGuid = {2488B99E-26E5-408A-B298-F80198132E34}
	EndGlobalSection
EndGlobal
