
Microsoft Visual Studio Solution File, Format Version 12.00
# Visual Studio Version 17
VisualStudioVersion = 17.13.35806.99 d17.13
MinimumVisualStudioVersion = 10.0.40219.1
Project("{FAE04EC0-301F-11D3-BF4B-00C04F79EFBC}") = "LikeLion7", "LikeLion7\LikeLion7.csproj", "{74DDB5BB-619D-4B43-8241-28C09AF9E9AF}"
EndProject
Global
	GlobalSection(SolutionConfigurationPlatforms) = preSolution
		Debug|Any CPU = Debug|Any CPU
		Release|Any CPU = Release|Any CPU
	EndGlobalSection
	GlobalSection(ProjectConfigurationPlatforms) = postSolution
		{74DDB5BB-619D-4B43-8241-28C09AF9E9AF}.Debug|Any CPU.ActiveCfg = Debug|Any CPU
		{74DDB5BB-619D-4B43-8241-28C09AF9E9AF}.Debug|Any CPU.Build.0 = Debug|Any CPU
		{74DDB5BB-619D-4B43-8241-28C09AF9E9AF}.Release|Any CPU.ActiveCfg = Release|Any CPU
		{74DDB5BB-619D-4B43-8241-28C09AF9E9AF}.Release|Any CPU.Build.0 = Release|Any CPU
	EndGlobalSection
	GlobalSection(SolutionProperties) = preSolution
		HideSolutionNode = FALSE
	EndGlobalSection
	GlobalSection(ExtensibilityGlobals) = postSolution
		SolutionGuid = {8649E52B-7364-4E43-B7D6-6217E05AECC2}
	EndGlobalSection
EndGlobal
