
Microsoft Visual Studio Solution File, Format Version 12.00
# Visual Studio Version 17
VisualStudioVersion = 17.13.35806.99 d17.13
MinimumVisualStudioVersion = 10.0.40219.1
Project("{FAE04EC0-301F-11D3-BF4B-00C04F79EFBC}") = "LikeLion31", "LikeLion31\LikeLion31.csproj", "{C8F460B4-9BEA-4772-B410-258DCED5721C}"
EndProject
Global
	GlobalSection(SolutionConfigurationPlatforms) = preSolution
		Debug|Any CPU = Debug|Any CPU
		Release|Any CPU = Release|Any CPU
	EndGlobalSection
	GlobalSection(ProjectConfigurationPlatforms) = postSolution
		{C8F460B4-9BEA-4772-B410-258DCED5721C}.Debug|Any CPU.ActiveCfg = Debug|Any CPU
		{C8F460B4-9BEA-4772-B410-258DCED5721C}.Debug|Any CPU.Build.0 = Debug|Any CPU
		{C8F460B4-9BEA-4772-B410-258DCED5721C}.Release|Any CPU.ActiveCfg = Release|Any CPU
		{C8F460B4-9BEA-4772-B410-258DCED5721C}.Release|Any CPU.Build.0 = Release|Any CPU
	EndGlobalSection
	GlobalSection(SolutionProperties) = preSolution
		HideSolutionNode = FALSE
	EndGlobalSection
	GlobalSection(ExtensibilityGlobals) = postSolution
		SolutionGuid = {A9899074-5682-4EF8-A02C-12122FE5F9D6}
	EndGlobalSection
EndGlobal
