
Microsoft Visual Studio Solution File, Format Version 12.00
# Visual Studio Version 17
VisualStudioVersion = 17.13.35806.99 d17.13
MinimumVisualStudioVersion = 10.0.40219.1
Project("{FAE04EC0-301F-11D3-BF4B-00C04F79EFBC}") = "TodayTask16", "TodayTask16\TodayTask16.csproj", "{6516D1F5-FFAE-4D1B-BBF5-D68C28CBEED4}"
EndProject
Global
	GlobalSection(SolutionConfigurationPlatforms) = preSolution
		Debug|Any CPU = Debug|Any CPU
		Release|Any CPU = Release|Any CPU
	EndGlobalSection
	GlobalSection(ProjectConfigurationPlatforms) = postSolution
		{6516D1F5-FFAE-4D1B-BBF5-D68C28CBEED4}.Debug|Any CPU.ActiveCfg = Debug|Any CPU
		{6516D1F5-FFAE-4D1B-BBF5-D68C28CBEED4}.Debug|Any CPU.Build.0 = Debug|Any CPU
		{6516D1F5-FFAE-4D1B-BBF5-D68C28CBEED4}.Release|Any CPU.ActiveCfg = Release|Any CPU
		{6516D1F5-FFAE-4D1B-BBF5-D68C28CBEED4}.Release|Any CPU.Build.0 = Release|Any CPU
	EndGlobalSection
	GlobalSection(SolutionProperties) = preSolution
		HideSolutionNode = FALSE
	EndGlobalSection
	GlobalSection(ExtensibilityGlobals) = postSolution
		SolutionGuid = {F8EE3A72-B924-4ABC-A263-9B3944A00D2B}
	EndGlobalSection
EndGlobal
