
Microsoft Visual Studio Solution File, Format Version 12.00
# Visual Studio Version 17
VisualStudioVersion = 17.13.35806.99 d17.13
MinimumVisualStudioVersion = 10.0.40219.1
Project("{FAE04EC0-301F-11D3-BF4B-00C04F79EFBC}") = "TodayTask14", "TodayTask14\TodayTask14.csproj", "{0FF0CF07-1AA3-47B3-8D3E-2A63DF3DC865}"
EndProject
Global
	GlobalSection(SolutionConfigurationPlatforms) = preSolution
		Debug|Any CPU = Debug|Any CPU
		Release|Any CPU = Release|Any CPU
	EndGlobalSection
	GlobalSection(ProjectConfigurationPlatforms) = postSolution
		{0FF0CF07-1AA3-47B3-8D3E-2A63DF3DC865}.Debug|Any CPU.ActiveCfg = Debug|Any CPU
		{0FF0CF07-1AA3-47B3-8D3E-2A63DF3DC865}.Debug|Any CPU.Build.0 = Debug|Any CPU
		{0FF0CF07-1AA3-47B3-8D3E-2A63DF3DC865}.Release|Any CPU.ActiveCfg = Release|Any CPU
		{0FF0CF07-1AA3-47B3-8D3E-2A63DF3DC865}.Release|Any CPU.Build.0 = Release|Any CPU
	EndGlobalSection
	GlobalSection(SolutionProperties) = preSolution
		HideSolutionNode = FALSE
	EndGlobalSection
	GlobalSection(ExtensibilityGlobals) = postSolution
		SolutionGuid = {5CA168E1-9B1E-4C11-A79A-6BF96A529C25}
	EndGlobalSection
EndGlobal
