
Microsoft Visual Studio Solution File, Format Version 12.00
# Visual Studio Version 17
VisualStudioVersion = 17.13.35806.99
MinimumVisualStudioVersion = 10.0.40219.1
Project("{FAE04EC0-301F-11D3-BF4B-00C04F79EFBC}") = "LikeLion3", "Study3\LikeLion3.csproj", "{176BEF43-A69F-45E9-9880-E32E5229FF64}"
EndProject
Global
	GlobalSection(SolutionConfigurationPlatforms) = preSolution
		Debug|Any CPU = Debug|Any CPU
		Release|Any CPU = Release|Any CPU
	EndGlobalSection
	GlobalSection(ProjectConfigurationPlatforms) = postSolution
		{176BEF43-A69F-45E9-9880-E32E5229FF64}.Debug|Any CPU.ActiveCfg = Debug|Any CPU
		{176BEF43-A69F-45E9-9880-E32E5229FF64}.Debug|Any CPU.Build.0 = Debug|Any CPU
		{176BEF43-A69F-45E9-9880-E32E5229FF64}.Release|Any CPU.ActiveCfg = Release|Any CPU
		{176BEF43-A69F-45E9-9880-E32E5229FF64}.Release|Any CPU.Build.0 = Release|Any CPU
	EndGlobalSection
	GlobalSection(SolutionProperties) = preSolution
		HideSolutionNode = FALSE
	EndGlobalSection
	GlobalSection(ExtensibilityGlobals) = postSolution
		SolutionGuid = {EED0FBF4-6776-4596-A562-3B9ADC59896F}
	EndGlobalSection
EndGlobal
