
Microsoft Visual Studio Solution File, Format Version 12.00
# Visual Studio Version 17
VisualStudioVersion = 17.13.35806.99 d17.13
MinimumVisualStudioVersion = 10.0.40219.1
Project("{FAE04EC0-301F-11D3-BF4B-00C04F79EFBC}") = "Bingo", "Bingo\Bingo.csproj", "{84E6961D-B7AF-49D7-B3A8-5219A0A14066}"
EndProject
Global
	GlobalSection(SolutionConfigurationPlatforms) = preSolution
		Debug|Any CPU = Debug|Any CPU
		Release|Any CPU = Release|Any CPU
	EndGlobalSection
	GlobalSection(ProjectConfigurationPlatforms) = postSolution
		{84E6961D-B7AF-49D7-B3A8-5219A0A14066}.Debug|Any CPU.ActiveCfg = Debug|Any CPU
		{84E6961D-B7AF-49D7-B3A8-5219A0A14066}.Debug|Any CPU.Build.0 = Debug|Any CPU
		{84E6961D-B7AF-49D7-B3A8-5219A0A14066}.Release|Any CPU.ActiveCfg = Release|Any CPU
		{84E6961D-B7AF-49D7-B3A8-5219A0A14066}.Release|Any CPU.Build.0 = Release|Any CPU
	EndGlobalSection
	GlobalSection(SolutionProperties) = preSolution
		HideSolutionNode = FALSE
	EndGlobalSection
	GlobalSection(ExtensibilityGlobals) = postSolution
		SolutionGuid = {539A8B75-322E-40A0-8232-3E1B386F573E}
	EndGlobalSection
EndGlobal
