
Microsoft Visual Studio Solution File, Format Version 12.00
# Visual Studio Version 17
VisualStudioVersion = 17.13.35806.99 d17.13
MinimumVisualStudioVersion = 10.0.40219.1
Project("{FAE04EC0-301F-11D3-BF4B-00C04F79EFBC}") = "TodayTask7", "TodayTask7\TodayTask7.csproj", "{08517822-C4C6-43D3-9868-DE4E0B696600}"
EndProject
Global
	GlobalSection(SolutionConfigurationPlatforms) = preSolution
		Debug|Any CPU = Debug|Any CPU
		Release|Any CPU = Release|Any CPU
	EndGlobalSection
	GlobalSection(ProjectConfigurationPlatforms) = postSolution
		{08517822-C4C6-43D3-9868-DE4E0B696600}.Debug|Any CPU.ActiveCfg = Debug|Any CPU
		{08517822-C4C6-43D3-9868-DE4E0B696600}.Debug|Any CPU.Build.0 = Debug|Any CPU
		{08517822-C4C6-43D3-9868-DE4E0B696600}.Release|Any CPU.ActiveCfg = Release|Any CPU
		{08517822-C4C6-43D3-9868-DE4E0B696600}.Release|Any CPU.Build.0 = Release|Any CPU
	EndGlobalSection
	GlobalSection(SolutionProperties) = preSolution
		HideSolutionNode = FALSE
	EndGlobalSection
	GlobalSection(ExtensibilityGlobals) = postSolution
		SolutionGuid = {55A39637-85D9-49CD-B55E-F57364FE50D1}
	EndGlobalSection
EndGlobal
