
Microsoft Visual Studio Solution File, Format Version 12.00
# Visual Studio Version 17
VisualStudioVersion = 17.13.35806.99 d17.13
MinimumVisualStudioVersion = 10.0.40219.1
Project("{FAE04EC0-301F-11D3-BF4B-00C04F79EFBC}") = "InventorySystemToSF", "InventorySystemToSF\InventorySystemToSF.csproj", "{52D5EAE5-5C55-4290-856C-0D60F03D3C39}"
EndProject
Global
	GlobalSection(SolutionConfigurationPlatforms) = preSolution
		Debug|Any CPU = Debug|Any CPU
		Release|Any CPU = Release|Any CPU
	EndGlobalSection
	GlobalSection(ProjectConfigurationPlatforms) = postSolution
		{52D5EAE5-5C55-4290-856C-0D60F03D3C39}.Debug|Any CPU.ActiveCfg = Debug|Any CPU
		{52D5EAE5-5C55-4290-856C-0D60F03D3C39}.Debug|Any CPU.Build.0 = Debug|Any CPU
		{52D5EAE5-5C55-4290-856C-0D60F03D3C39}.Release|Any CPU.ActiveCfg = Release|Any CPU
		{52D5EAE5-5C55-4290-856C-0D60F03D3C39}.Release|Any CPU.Build.0 = Release|Any CPU
	EndGlobalSection
	GlobalSection(SolutionProperties) = preSolution
		HideSolutionNode = FALSE
	EndGlobalSection
	GlobalSection(ExtensibilityGlobals) = postSolution
		SolutionGuid = {3D82015C-3F6D-48D7-8670-6CA7DB9476B1}
	EndGlobalSection
EndGlobal
