
Microsoft Visual Studio Solution File, Format Version 12.00
# Visual Studio Version 17
VisualStudioVersion = 17.13.35806.99 d17.13
MinimumVisualStudioVersion = 10.0.40219.1
Project("{FAE04EC0-301F-11D3-BF4B-00C04F79EFBC}") = "LikeLion13", "LikeLion13\LikeLion13.csproj", "{E58A90EC-A9B9-40FC-9FD8-14D824F2F31E}"
EndProject
Global
	GlobalSection(SolutionConfigurationPlatforms) = preSolution
		Debug|Any CPU = Debug|Any CPU
		Release|Any CPU = Release|Any CPU
	EndGlobalSection
	GlobalSection(ProjectConfigurationPlatforms) = postSolution
		{E58A90EC-A9B9-40FC-9FD8-14D824F2F31E}.Debug|Any CPU.ActiveCfg = Debug|Any CPU
		{E58A90EC-A9B9-40FC-9FD8-14D824F2F31E}.Debug|Any CPU.Build.0 = Debug|Any CPU
		{E58A90EC-A9B9-40FC-9FD8-14D824F2F31E}.Release|Any CPU.ActiveCfg = Release|Any CPU
		{E58A90EC-A9B9-40FC-9FD8-14D824F2F31E}.Release|Any CPU.Build.0 = Release|Any CPU
	EndGlobalSection
	GlobalSection(SolutionProperties) = preSolution
		HideSolutionNode = FALSE
	EndGlobalSection
	GlobalSection(ExtensibilityGlobals) = postSolution
		SolutionGuid = {EDD5C7F1-D070-4E8A-BD71-3D92130AFE25}
	EndGlobalSection
EndGlobal
