
Microsoft Visual Studio Solution File, Format Version 12.00
# Visual Studio Version 17
VisualStudioVersion = 17.13.35806.99 d17.13
MinimumVisualStudioVersion = 10.0.40219.1
Project("{FAE04EC0-301F-11D3-BF4B-00C04F79EFBC}") = "LikeLion29", "LikeLion29\LikeLion29.csproj", "{DD305F68-D421-4878-843E-98F8FAC2E462}"
EndProject
Global
	GlobalSection(SolutionConfigurationPlatforms) = preSolution
		Debug|Any CPU = Debug|Any CPU
		Release|Any CPU = Release|Any CPU
	EndGlobalSection
	GlobalSection(ProjectConfigurationPlatforms) = postSolution
		{DD305F68-D421-4878-843E-98F8FAC2E462}.Debug|Any CPU.ActiveCfg = Debug|Any CPU
		{DD305F68-D421-4878-843E-98F8FAC2E462}.Debug|Any CPU.Build.0 = Debug|Any CPU
		{DD305F68-D421-4878-843E-98F8FAC2E462}.Release|Any CPU.ActiveCfg = Release|Any CPU
		{DD305F68-D421-4878-843E-98F8FAC2E462}.Release|Any CPU.Build.0 = Release|Any CPU
	EndGlobalSection
	GlobalSection(SolutionProperties) = preSolution
		HideSolutionNode = FALSE
	EndGlobalSection
	GlobalSection(ExtensibilityGlobals) = postSolution
		SolutionGuid = {DFA251C0-C2FD-447C-879B-D6C657455585}
	EndGlobalSection
EndGlobal
