
Microsoft Visual Studio Solution File, Format Version 12.00
# Visual Studio Version 17
VisualStudioVersion = 17.13.35806.99 d17.13
MinimumVisualStudioVersion = 10.0.40219.1
Project("{FAE04EC0-301F-11D3-BF4B-00C04F79EFBC}") = "LikeLion43", "LikeLion43\LikeLion43.csproj", "{79CBD32D-ACF8-484A-9756-33F12FABFECB}"
EndProject
Global
	GlobalSection(SolutionConfigurationPlatforms) = preSolution
		Debug|Any CPU = Debug|Any CPU
		Release|Any CPU = Release|Any CPU
	EndGlobalSection
	GlobalSection(ProjectConfigurationPlatforms) = postSolution
		{79CBD32D-ACF8-484A-9756-33F12FABFECB}.Debug|Any CPU.ActiveCfg = Debug|Any CPU
		{79CBD32D-ACF8-484A-9756-33F12FABFECB}.Debug|Any CPU.Build.0 = Debug|Any CPU
		{79CBD32D-ACF8-484A-9756-33F12FABFECB}.Release|Any CPU.ActiveCfg = Release|Any CPU
		{79CBD32D-ACF8-484A-9756-33F12FABFECB}.Release|Any CPU.Build.0 = Release|Any CPU
	EndGlobalSection
	GlobalSection(SolutionProperties) = preSolution
		HideSolutionNode = FALSE
	EndGlobalSection
	GlobalSection(ExtensibilityGlobals) = postSolution
		SolutionGuid = {E8F96357-A361-477C-AB95-FFF8D8C67563}
	EndGlobalSection
EndGlobal
