
Microsoft Visual Studio Solution File, Format Version 12.00
# Visual Studio Version 17
VisualStudioVersion = 17.13.35806.99 d17.13
MinimumVisualStudioVersion = 10.0.40219.1
Project("{FAE04EC0-301F-11D3-BF4B-00C04F79EFBC}") = "LikeLion27", "LikeLion27\LikeLion27.csproj", "{3A71E548-CC6C-40FF-89B6-BFC0D061A047}"
EndProject
Global
	GlobalSection(SolutionConfigurationPlatforms) = preSolution
		Debug|Any CPU = Debug|Any CPU
		Release|Any CPU = Release|Any CPU
	EndGlobalSection
	GlobalSection(ProjectConfigurationPlatforms) = postSolution
		{3A71E548-CC6C-40FF-89B6-BFC0D061A047}.Debug|Any CPU.ActiveCfg = Debug|Any CPU
		{3A71E548-CC6C-40FF-89B6-BFC0D061A047}.Debug|Any CPU.Build.0 = Debug|Any CPU
		{3A71E548-CC6C-40FF-89B6-BFC0D061A047}.Release|Any CPU.ActiveCfg = Release|Any CPU
		{3A71E548-CC6C-40FF-89B6-BFC0D061A047}.Release|Any CPU.Build.0 = Release|Any CPU
	EndGlobalSection
	GlobalSection(SolutionProperties) = preSolution
		HideSolutionNode = FALSE
	EndGlobalSection
	GlobalSection(ExtensibilityGlobals) = postSolution
		SolutionGuid = {E4803D7E-0278-4D39-BF26-D92A90B978FA}
	EndGlobalSection
EndGlobal
