
Microsoft Visual Studio Solution File, Format Version 12.00
# Visual Studio Version 17
VisualStudioVersion = 17.13.35806.99 d17.13
MinimumVisualStudioVersion = 10.0.40219.1
Project("{FAE04EC0-301F-11D3-BF4B-00C04F79EFBC}") = "LikeLion15", "LikeLion15\LikeLion15.csproj", "{362FDF5A-887D-4962-97F6-9FE3A1C939A9}"
EndProject
Global
	GlobalSection(SolutionConfigurationPlatforms) = preSolution
		Debug|Any CPU = Debug|Any CPU
		Release|Any CPU = Release|Any CPU
	EndGlobalSection
	GlobalSection(ProjectConfigurationPlatforms) = postSolution
		{362FDF5A-887D-4962-97F6-9FE3A1C939A9}.Debug|Any CPU.ActiveCfg = Debug|Any CPU
		{362FDF5A-887D-4962-97F6-9FE3A1C939A9}.Debug|Any CPU.Build.0 = Debug|Any CPU
		{362FDF5A-887D-4962-97F6-9FE3A1C939A9}.Release|Any CPU.ActiveCfg = Release|Any CPU
		{362FDF5A-887D-4962-97F6-9FE3A1C939A9}.Release|Any CPU.Build.0 = Release|Any CPU
	EndGlobalSection
	GlobalSection(SolutionProperties) = preSolution
		HideSolutionNode = FALSE
	EndGlobalSection
	GlobalSection(ExtensibilityGlobals) = postSolution
		SolutionGuid = {D019640B-2225-4AD0-BC06-76E9BB8B121F}
	EndGlobalSection
EndGlobal
