
Microsoft Visual Studio Solution File, Format Version 12.00
# Visual Studio Version 17
VisualStudioVersion = 17.13.35806.99 d17.13
MinimumVisualStudioVersion = 10.0.40219.1
Project("{FAE04EC0-301F-11D3-BF4B-00C04F79EFBC}") = "TodayTask4", "TodayTask4\TodayTask4.csproj", "{F151C934-61F9-4992-8BF4-C074C05A8A04}"
EndProject
Global
	GlobalSection(SolutionConfigurationPlatforms) = preSolution
		Debug|Any CPU = Debug|Any CPU
		Release|Any CPU = Release|Any CPU
	EndGlobalSection
	GlobalSection(ProjectConfigurationPlatforms) = postSolution
		{F151C934-61F9-4992-8BF4-C074C05A8A04}.Debug|Any CPU.ActiveCfg = Debug|Any CPU
		{F151C934-61F9-4992-8BF4-C074C05A8A04}.Debug|Any CPU.Build.0 = Debug|Any CPU
		{F151C934-61F9-4992-8BF4-C074C05A8A04}.Release|Any CPU.ActiveCfg = Release|Any CPU
		{F151C934-61F9-4992-8BF4-C074C05A8A04}.Release|Any CPU.Build.0 = Release|Any CPU
	EndGlobalSection
	GlobalSection(SolutionProperties) = preSolution
		HideSolutionNode = FALSE
	EndGlobalSection
	GlobalSection(ExtensibilityGlobals) = postSolution
		SolutionGuid = {55FEA4F3-C926-459A-BD63-0D11F846E77A}
	EndGlobalSection
EndGlobal
